// !$*UTF8*$!
{
	archiveVersion = 1;
	classes = {
	};
	objectVersion = 48;
	objects = {

/* Begin PBXBuildFile section */
		FF245B8C1FE0581900E202F1 /* Confetti.framework in Frameworks */ = {isa = PBXBuildFile; fileRef = FF245B821FE0581900E202F1 /* Confetti.framework */; };
		FF245B911FE0581900E202F1 /* ConfettiTests.swift in Sources */ = {isa = PBXBuildFile; fileRef = FF245B901FE0581900E202F1 /* ConfettiTests.swift */; };
		FF245BA01FE0588E00E202F1 /* Confetti.swift in Sources */ = {isa = PBXBuildFile; fileRef = FF245B9F1FE0588E00E202F1 /* Confetti.swift */; };
		FF245BB91FE061E100E202F1 /* AppDelegate.swift in Sources */ = {isa = PBXBuildFile; fileRef = FF245BB81FE061E100E202F1 /* AppDelegate.swift */; };
		FF245BBB1FE061E100E202F1 /* ViewController.swift in Sources */ = {isa = PBXBuildFile; fileRef = FF245BBA1FE061E100E202F1 /* ViewController.swift */; };
		FF245BBE1FE061E100E202F1 /* Main.storyboard in Resources */ = {isa = PBXBuildFile; fileRef = FF245BBC1FE061E100E202F1 /* Main.storyboard */; };
		FF245BC01FE061E100E202F1 /* Assets.xcassets in Resources */ = {isa = PBXBuildFile; fileRef = FF245BBF1FE061E100E202F1 /* Assets.xcassets */; };
		FF245BC31FE061E100E202F1 /* LaunchScreen.storyboard in Resources */ = {isa = PBXBuildFile; fileRef = FF245BC11FE061E100E202F1 /* LaunchScreen.storyboard */; };
		FF245BCE1FE061E100E202F1 /* ConfettiExampleTests.swift in Sources */ = {isa = PBXBuildFile; fileRef = FF245BCD1FE061E100E202F1 /* ConfettiExampleTests.swift */; };
		FF245BD91FE061E100E202F1 /* ConfettiExampleUITests.swift in Sources */ = {isa = PBXBuildFile; fileRef = FF245BD81FE061E100E202F1 /* ConfettiExampleUITests.swift */; };
		FF245BE51FE0647500E202F1 /* Confetti.framework in Frameworks */ = {isa = PBXBuildFile; fileRef = FF245B821FE0581900E202F1 /* Confetti.framework */; };
		FF245BE71FE065F000E202F1 /* ConfettiDesign.swift in Sources */ = {isa = PBXBuildFile; fileRef = FF245BE61FE065F000E202F1 /* ConfettiDesign.swift */; };
		FF245BEB1FE0817400E202F1 /* Confetti.podspec in Resources */ = {isa = PBXBuildFile; fileRef = FF245BEA1FE0817400E202F1 /* Confetti.podspec */; };
		FF2BD4F41FE1EC5F00E31AA3 /* UIButton+Confetti.swift in Sources */ = {isa = PBXBuildFile; fileRef = FF2BD4F31FE1EC5F00E31AA3 /* UIButton+Confetti.swift */; };
		FF2BD4F61FE1ED1C00E31AA3 /* UILabel+Confetti.swift in Sources */ = {isa = PBXBuildFile; fileRef = FF2BD4F51FE1ED1C00E31AA3 /* UILabel+Confetti.swift */; };
		FF2BD4F81FE1ED5900E31AA3 /* UIView+Confetti.swift in Sources */ = {isa = PBXBuildFile; fileRef = FF2BD4F71FE1ED5900E31AA3 /* UIView+Confetti.swift */; };
		FF2BD5011FE1F7A200E31AA3 /* ConfettiContainer.swift in Sources */ = {isa = PBXBuildFile; fileRef = FF2BD5001FE1F7A200E31AA3 /* ConfettiContainer.swift */; };
		FF2BD5031FE1F93C00E31AA3 /* ButtonDesign.swift in Sources */ = {isa = PBXBuildFile; fileRef = FF2BD5021FE1F93C00E31AA3 /* ButtonDesign.swift */; };
		FF2BD5051FE1F94300E31AA3 /* LabelDesign.swift in Sources */ = {isa = PBXBuildFile; fileRef = FF2BD5041FE1F94300E31AA3 /* LabelDesign.swift */; };
		FF2BD5071FE1F94A00E31AA3 /* ViewDesign.swift in Sources */ = {isa = PBXBuildFile; fileRef = FF2BD5061FE1F94A00E31AA3 /* ViewDesign.swift */; };
/* End PBXBuildFile section */

/* Begin PBXContainerItemProxy section */
		FF245B8D1FE0581900E202F1 /* PBXContainerItemProxy */ = {
			isa = PBXContainerItemProxy;
			containerPortal = FF245B791FE0581900E202F1 /* Project object */;
			proxyType = 1;
			remoteGlobalIDString = FF245B811FE0581900E202F1;
			remoteInfo = Confetti;
		};
		FF245BCA1FE061E100E202F1 /* PBXContainerItemProxy */ = {
			isa = PBXContainerItemProxy;
			containerPortal = FF245B791FE0581900E202F1 /* Project object */;
			proxyType = 1;
			remoteGlobalIDString = FF245BB51FE061E100E202F1;
			remoteInfo = ConfettiExample;
		};
		FF245BD51FE061E100E202F1 /* PBXContainerItemProxy */ = {
			isa = PBXContainerItemProxy;
			containerPortal = FF245B791FE0581900E202F1 /* Project object */;
			proxyType = 1;
			remoteGlobalIDString = FF245BB51FE061E100E202F1;
			remoteInfo = ConfettiExample;
		};
/* End PBXContainerItemProxy section */

/* Begin PBXFileReference section */
		FF245B821FE0581900E202F1 /* Confetti.framework */ = {isa = PBXFileReference; explicitFileType = wrapper.framework; includeInIndex = 0; path = Confetti.framework; sourceTree = BUILT_PRODUCTS_DIR; };
		FF245B861FE0581900E202F1 /* Info.plist */ = {isa = PBXFileReference; lastKnownFileType = text.plist.xml; path = Info.plist; sourceTree = "<group>"; };
		FF245B8B1FE0581900E202F1 /* ConfettiTests.xctest */ = {isa = PBXFileReference; explicitFileType = wrapper.cfbundle; includeInIndex = 0; path = ConfettiTests.xctest; sourceTree = BUILT_PRODUCTS_DIR; };
		FF245B901FE0581900E202F1 /* ConfettiTests.swift */ = {isa = PBXFileReference; lastKnownFileType = sourcecode.swift; path = ConfettiTests.swift; sourceTree = "<group>"; };
		FF245B921FE0581900E202F1 /* Info.plist */ = {isa = PBXFileReference; lastKnownFileType = text.plist.xml; path = Info.plist; sourceTree = "<group>"; };
		FF245B9F1FE0588E00E202F1 /* Confetti.swift */ = {isa = PBXFileReference; lastKnownFileType = sourcecode.swift; path = Confetti.swift; sourceTree = "<group>"; };
		FF245BB61FE061E100E202F1 /* ConfettiExample.app */ = {isa = PBXFileReference; explicitFileType = wrapper.application; includeInIndex = 0; path = ConfettiExample.app; sourceTree = BUILT_PRODUCTS_DIR; };
		FF245BB81FE061E100E202F1 /* AppDelegate.swift */ = {isa = PBXFileReference; lastKnownFileType = sourcecode.swift; path = AppDelegate.swift; sourceTree = "<group>"; };
		FF245BBA1FE061E100E202F1 /* ViewController.swift */ = {isa = PBXFileReference; lastKnownFileType = sourcecode.swift; path = ViewController.swift; sourceTree = "<group>"; };
		FF245BBD1FE061E100E202F1 /* Base */ = {isa = PBXFileReference; lastKnownFileType = file.storyboard; name = Base; path = Base.lproj/Main.storyboard; sourceTree = "<group>"; };
		FF245BBF1FE061E100E202F1 /* Assets.xcassets */ = {isa = PBXFileReference; lastKnownFileType = folder.assetcatalog; path = Assets.xcassets; sourceTree = "<group>"; };
		FF245BC21FE061E100E202F1 /* Base */ = {isa = PBXFileReference; lastKnownFileType = file.storyboard; name = Base; path = Base.lproj/LaunchScreen.storyboard; sourceTree = "<group>"; };
		FF245BC41FE061E100E202F1 /* Info.plist */ = {isa = PBXFileReference; lastKnownFileType = text.plist.xml; path = Info.plist; sourceTree = "<group>"; };
		FF245BC91FE061E100E202F1 /* ConfettiExampleTests.xctest */ = {isa = PBXFileReference; explicitFileType = wrapper.cfbundle; includeInIndex = 0; path = ConfettiExampleTests.xctest; sourceTree = BUILT_PRODUCTS_DIR; };
		FF245BCD1FE061E100E202F1 /* ConfettiExampleTests.swift */ = {isa = PBXFileReference; lastKnownFileType = sourcecode.swift; path = ConfettiExampleTests.swift; sourceTree = "<group>"; };
		FF245BCF1FE061E100E202F1 /* Info.plist */ = {isa = PBXFileReference; lastKnownFileType = text.plist.xml; path = Info.plist; sourceTree = "<group>"; };
		FF245BD41FE061E100E202F1 /* ConfettiExampleUITests.xctest */ = {isa = PBXFileReference; explicitFileType = wrapper.cfbundle; includeInIndex = 0; path = ConfettiExampleUITests.xctest; sourceTree = BUILT_PRODUCTS_DIR; };
		FF245BD81FE061E100E202F1 /* ConfettiExampleUITests.swift */ = {isa = PBXFileReference; lastKnownFileType = sourcecode.swift; path = ConfettiExampleUITests.swift; sourceTree = "<group>"; };
		FF245BDA1FE061E100E202F1 /* Info.plist */ = {isa = PBXFileReference; lastKnownFileType = text.plist.xml; path = Info.plist; sourceTree = "<group>"; };
		FF245BE61FE065F000E202F1 /* ConfettiDesign.swift */ = {isa = PBXFileReference; lastKnownFileType = sourcecode.swift; path = ConfettiDesign.swift; sourceTree = "<group>"; };
		FF245BEA1FE0817400E202F1 /* Confetti.podspec */ = {isa = PBXFileReference; fileEncoding = 4; lastKnownFileType = text; path = Confetti.podspec; sourceTree = "<group>"; };
		FF2BD4F31FE1EC5F00E31AA3 /* UIButton+Confetti.swift */ = {isa = PBXFileReference; lastKnownFileType = sourcecode.swift; path = "UIButton+Confetti.swift"; sourceTree = "<group>"; };
		FF2BD4F51FE1ED1C00E31AA3 /* UILabel+Confetti.swift */ = {isa = PBXFileReference; lastKnownFileType = sourcecode.swift; path = "UILabel+Confetti.swift"; sourceTree = "<group>"; };
		FF2BD4F71FE1ED5900E31AA3 /* UIView+Confetti.swift */ = {isa = PBXFileReference; lastKnownFileType = sourcecode.swift; path = "UIView+Confetti.swift"; sourceTree = "<group>"; };
		FF2BD5001FE1F7A200E31AA3 /* ConfettiContainer.swift */ = {isa = PBXFileReference; lastKnownFileType = sourcecode.swift; path = ConfettiContainer.swift; sourceTree = "<group>"; };
		FF2BD5021FE1F93C00E31AA3 /* ButtonDesign.swift */ = {isa = PBXFileReference; fileEncoding = 4; lastKnownFileType = sourcecode.swift; path = ButtonDesign.swift; sourceTree = "<group>"; };
		FF2BD5041FE1F94300E31AA3 /* LabelDesign.swift */ = {isa = PBXFileReference; fileEncoding = 4; lastKnownFileType = sourcecode.swift; path = LabelDesign.swift; sourceTree = "<group>"; };
		FF2BD5061FE1F94A00E31AA3 /* ViewDesign.swift */ = {isa = PBXFileReference; fileEncoding = 4; lastKnownFileType = sourcecode.swift; path = ViewDesign.swift; sourceTree = "<group>"; };
/* End PBXFileReference section */

/* Begin PBXFrameworksBuildPhase section */
		FF245B7E1FE0581900E202F1 /* Frameworks */ = {
			isa = PBXFrameworksBuildPhase;
			buildActionMask = 2147483647;
			files = (
			);
			runOnlyForDeploymentPostprocessing = 0;
		};
		FF245B881FE0581900E202F1 /* Frameworks */ = {
			isa = PBXFrameworksBuildPhase;
			buildActionMask = 2147483647;
			files = (
				FF245B8C1FE0581900E202F1 /* Confetti.framework in Frameworks */,
			);
			runOnlyForDeploymentPostprocessing = 0;
		};
		FF245BB31FE061E100E202F1 /* Frameworks */ = {
			isa = PBXFrameworksBuildPhase;
			buildActionMask = 2147483647;
			files = (
				FF245BE51FE0647500E202F1 /* Confetti.framework in Frameworks */,
			);
			runOnlyForDeploymentPostprocessing = 0;
		};
		FF245BC61FE061E100E202F1 /* Frameworks */ = {
			isa = PBXFrameworksBuildPhase;
			buildActionMask = 2147483647;
			files = (
			);
			runOnlyForDeploymentPostprocessing = 0;
		};
		FF245BD11FE061E100E202F1 /* Frameworks */ = {
			isa = PBXFrameworksBuildPhase;
			buildActionMask = 2147483647;
			files = (
			);
			runOnlyForDeploymentPostprocessing = 0;
		};
/* End PBXFrameworksBuildPhase section */

/* Begin PBXGroup section */
		FF245B781FE0581900E202F1 = {
			isa = PBXGroup;
			children = (
				FF245BEA1FE0817400E202F1 /* Confetti.podspec */,
				FF245B841FE0581900E202F1 /* Confetti */,
				FF245B8F1FE0581900E202F1 /* ConfettiTests */,
				FF245BB71FE061E100E202F1 /* ConfettiExample */,
				FF245BCC1FE061E100E202F1 /* ConfettiExampleTests */,
				FF245BD71FE061E100E202F1 /* ConfettiExampleUITests */,
				FF245B831FE0581900E202F1 /* Products */,
				FF245BE41FE0647500E202F1 /* Frameworks */,
			);
			sourceTree = "<group>";
		};
		FF245B831FE0581900E202F1 /* Products */ = {
			isa = PBXGroup;
			children = (
				FF245B821FE0581900E202F1 /* Confetti.framework */,
				FF245B8B1FE0581900E202F1 /* ConfettiTests.xctest */,
				FF245BB61FE061E100E202F1 /* ConfettiExample.app */,
				FF245BC91FE061E100E202F1 /* ConfettiExampleTests.xctest */,
				FF245BD41FE061E100E202F1 /* ConfettiExampleUITests.xctest */,
			);
			name = Products;
			sourceTree = "<group>";
		};
		FF245B841FE0581900E202F1 /* Confetti */ = {
			isa = PBXGroup;
			children = (
				FF245B9D1FE0587400E202F1 /* button */,
				FF245B9E1FE0587400E202F1 /* label */,
				FF245B9C1FE0587400E202F1 /* view */,
				FF245B861FE0581900E202F1 /* Info.plist */,
				FF245B9F1FE0588E00E202F1 /* Confetti.swift */,
				FF245BE61FE065F000E202F1 /* ConfettiDesign.swift */,
				FF2BD5001FE1F7A200E31AA3 /* ConfettiContainer.swift */,
			);
			path = Confetti;
			sourceTree = "<group>";
		};
		FF245B8F1FE0581900E202F1 /* ConfettiTests */ = {
			isa = PBXGroup;
			children = (
				FF245B901FE0581900E202F1 /* ConfettiTests.swift */,
				FF245B921FE0581900E202F1 /* Info.plist */,
			);
			path = ConfettiTests;
			sourceTree = "<group>";
		};
		FF245B9C1FE0587400E202F1 /* view */ = {
			isa = PBXGroup;
			children = (
				FF2BD5061FE1F94A00E31AA3 /* ViewDesign.swift */,
				FF2BD4F71FE1ED5900E31AA3 /* UIView+Confetti.swift */,
			);
			path = view;
			sourceTree = "<group>";
		};
		FF245B9D1FE0587400E202F1 /* button */ = {
			isa = PBXGroup;
			children = (
				FF2BD5021FE1F93C00E31AA3 /* ButtonDesign.swift */,
				FF2BD4F31FE1EC5F00E31AA3 /* UIButton+Confetti.swift */,
			);
			path = button;
			sourceTree = "<group>";
		};
		FF245B9E1FE0587400E202F1 /* label */ = {
			isa = PBXGroup;
			children = (
				FF2BD5041FE1F94300E31AA3 /* LabelDesign.swift */,
				FF2BD4F51FE1ED1C00E31AA3 /* UILabel+Confetti.swift */,
			);
			path = label;
			sourceTree = "<group>";
		};
		FF245BB71FE061E100E202F1 /* ConfettiExample */ = {
			isa = PBXGroup;
			children = (
				FF245BB81FE061E100E202F1 /* AppDelegate.swift */,
				FF245BBA1FE061E100E202F1 /* ViewController.swift */,
				FF245BBC1FE061E100E202F1 /* Main.storyboard */,
				FF245BBF1FE061E100E202F1 /* Assets.xcassets */,
				FF245BC11FE061E100E202F1 /* LaunchScreen.storyboard */,
				FF245BC41FE061E100E202F1 /* Info.plist */,
			);
			path = ConfettiExample;
			sourceTree = "<group>";
		};
		FF245BCC1FE061E100E202F1 /* ConfettiExampleTests */ = {
			isa = PBXGroup;
			children = (
				FF245BCD1FE061E100E202F1 /* ConfettiExampleTests.swift */,
				FF245BCF1FE061E100E202F1 /* Info.plist */,
			);
			path = ConfettiExampleTests;
			sourceTree = "<group>";
		};
		FF245BD71FE061E100E202F1 /* ConfettiExampleUITests */ = {
			isa = PBXGroup;
			children = (
				FF245BD81FE061E100E202F1 /* ConfettiExampleUITests.swift */,
				FF245BDA1FE061E100E202F1 /* Info.plist */,
			);
			path = ConfettiExampleUITests;
			sourceTree = "<group>";
		};
		FF245BE41FE0647500E202F1 /* Frameworks */ = {
			isa = PBXGroup;
			children = (
			);
			name = Frameworks;
			sourceTree = "<group>";
		};
/* End PBXGroup section */

/* Begin PBXHeadersBuildPhase section */
		FF245B7F1FE0581900E202F1 /* Headers */ = {
			isa = PBXHeadersBuildPhase;
			buildActionMask = 2147483647;
			files = (
			);
			runOnlyForDeploymentPostprocessing = 0;
		};
/* End PBXHeadersBuildPhase section */

/* Begin PBXNativeTarget section */
		FF245B811FE0581900E202F1 /* Confetti */ = {
			isa = PBXNativeTarget;
			buildConfigurationList = FF245B961FE0581900E202F1 /* Build configuration list for PBXNativeTarget "Confetti" */;
			buildPhases = (
				FF245B7D1FE0581900E202F1 /* Sources */,
				FF245B7E1FE0581900E202F1 /* Frameworks */,
				FF245B7F1FE0581900E202F1 /* Headers */,
				FF245B801FE0581900E202F1 /* Resources */,
			);
			buildRules = (
			);
			dependencies = (
			);
			name = Confetti;
			productName = Confetti;
			productReference = FF245B821FE0581900E202F1 /* Confetti.framework */;
			productType = "com.apple.product-type.framework";
		};
		FF245B8A1FE0581900E202F1 /* ConfettiTests */ = {
			isa = PBXNativeTarget;
			buildConfigurationList = FF245B991FE0581900E202F1 /* Build configuration list for PBXNativeTarget "ConfettiTests" */;
			buildPhases = (
				FF245B871FE0581900E202F1 /* Sources */,
				FF245B881FE0581900E202F1 /* Frameworks */,
				FF245B891FE0581900E202F1 /* Resources */,
			);
			buildRules = (
			);
			dependencies = (
				FF245B8E1FE0581900E202F1 /* PBXTargetDependency */,
			);
			name = ConfettiTests;
			productName = ConfettiTests;
			productReference = FF245B8B1FE0581900E202F1 /* ConfettiTests.xctest */;
			productType = "com.apple.product-type.bundle.unit-test";
		};
		FF245BB51FE061E100E202F1 /* ConfettiExample */ = {
			isa = PBXNativeTarget;
			buildConfigurationList = FF245BDB1FE061E100E202F1 /* Build configuration list for PBXNativeTarget "ConfettiExample" */;
			buildPhases = (
				FF245BB21FE061E100E202F1 /* Sources */,
				FF245BB31FE061E100E202F1 /* Frameworks */,
				FF245BB41FE061E100E202F1 /* Resources */,
			);
			buildRules = (
			);
			dependencies = (
			);
			name = ConfettiExample;
			productName = ConfettiExample;
			productReference = FF245BB61FE061E100E202F1 /* ConfettiExample.app */;
			productType = "com.apple.product-type.application";
		};
		FF245BC81FE061E100E202F1 /* ConfettiExampleTests */ = {
			isa = PBXNativeTarget;
			buildConfigurationList = FF245BDE1FE061E100E202F1 /* Build configuration list for PBXNativeTarget "ConfettiExampleTests" */;
			buildPhases = (
				FF245BC51FE061E100E202F1 /* Sources */,
				FF245BC61FE061E100E202F1 /* Frameworks */,
				FF245BC71FE061E100E202F1 /* Resources */,
			);
			buildRules = (
			);
			dependencies = (
				FF245BCB1FE061E100E202F1 /* PBXTargetDependency */,
			);
			name = ConfettiExampleTests;
			productName = ConfettiExampleTests;
			productReference = FF245BC91FE061E100E202F1 /* ConfettiExampleTests.xctest */;
			productType = "com.apple.product-type.bundle.unit-test";
		};
		FF245BD31FE061E100E202F1 /* ConfettiExampleUITests */ = {
			isa = PBXNativeTarget;
			buildConfigurationList = FF245BE11FE061E100E202F1 /* Build configuration list for PBXNativeTarget "ConfettiExampleUITests" */;
			buildPhases = (
				FF245BD01FE061E100E202F1 /* Sources */,
				FF245BD11FE061E100E202F1 /* Frameworks */,
				FF245BD21FE061E100E202F1 /* Resources */,
			);
			buildRules = (
			);
			dependencies = (
				FF245BD61FE061E100E202F1 /* PBXTargetDependency */,
			);
			name = ConfettiExampleUITests;
			productName = ConfettiExampleUITests;
			productReference = FF245BD41FE061E100E202F1 /* ConfettiExampleUITests.xctest */;
			productType = "com.apple.product-type.bundle.ui-testing";
		};
/* End PBXNativeTarget section */

/* Begin PBXProject section */
		FF245B791FE0581900E202F1 /* Project object */ = {
			isa = PBXProject;
			attributes = {
				LastSwiftUpdateCheck = 0910;
				LastUpgradeCheck = 0910;
				ORGANIZATIONNAME = "Alexey Ivankov";
				TargetAttributes = {
					FF245B811FE0581900E202F1 = {
						CreatedOnToolsVersion = 9.1;
						LastSwiftMigration = 0910;
						ProvisioningStyle = Automatic;
					};
					FF245B8A1FE0581900E202F1 = {
						CreatedOnToolsVersion = 9.1;
						ProvisioningStyle = Automatic;
					};
					FF245BB51FE061E100E202F1 = {
						CreatedOnToolsVersion = 9.1;
						ProvisioningStyle = Automatic;
					};
					FF245BC81FE061E100E202F1 = {
						CreatedOnToolsVersion = 9.1;
						ProvisioningStyle = Automatic;
						TestTargetID = FF245BB51FE061E100E202F1;
					};
					FF245BD31FE061E100E202F1 = {
						CreatedOnToolsVersion = 9.1;
						ProvisioningStyle = Automatic;
						TestTargetID = FF245BB51FE061E100E202F1;
					};
				};
			};
			buildConfigurationList = FF245B7C1FE0581900E202F1 /* Build configuration list for PBXProject "Confetti" */;
			compatibilityVersion = "Xcode 8.0";
			developmentRegion = en;
			hasScannedForEncodings = 0;
			knownRegions = (
				en,
				Base,
			);
			mainGroup = FF245B781FE0581900E202F1;
			productRefGroup = FF245B831FE0581900E202F1 /* Products */;
			projectDirPath = "";
			projectRoot = "";
			targets = (
				FF245B811FE0581900E202F1 /* Confetti */,
				FF245B8A1FE0581900E202F1 /* ConfettiTests */,
				FF245BB51FE061E100E202F1 /* ConfettiExample */,
				FF245BC81FE061E100E202F1 /* ConfettiExampleTests */,
				FF245BD31FE061E100E202F1 /* ConfettiExampleUITests */,
			);
		};
/* End PBXProject section */

/* Begin PBXResourcesBuildPhase section */
		FF245B801FE0581900E202F1 /* Resources */ = {
			isa = PBXResourcesBuildPhase;
			buildActionMask = 2147483647;
			files = (
				FF245BEB1FE0817400E202F1 /* Confetti.podspec in Resources */,
			);
			runOnlyForDeploymentPostprocessing = 0;
		};
		FF245B891FE0581900E202F1 /* Resources */ = {
			isa = PBXResourcesBuildPhase;
			buildActionMask = 2147483647;
			files = (
			);
			runOnlyForDeploymentPostprocessing = 0;
		};
		FF245BB41FE061E100E202F1 /* Resources */ = {
			isa = PBXResourcesBuildPhase;
			buildActionMask = 2147483647;
			files = (
				FF245BC31FE061E100E202F1 /* LaunchScreen.storyboard in Resources */,
				FF245BC01FE061E100E202F1 /* Assets.xcassets in Resources */,
				FF245BBE1FE061E100E202F1 /* Main.storyboard in Resources */,
			);
			runOnlyForDeploymentPostprocessing = 0;
		};
		FF245BC71FE061E100E202F1 /* Resources */ = {
			isa = PBXResourcesBuildPhase;
			buildActionMask = 2147483647;
			files = (
			);
			runOnlyForDeploymentPostprocessing = 0;
		};
		FF245BD21FE061E100E202F1 /* Resources */ = {
			isa = PBXResourcesBuildPhase;
			buildActionMask = 2147483647;
			files = (
			);
			runOnlyForDeploymentPostprocessing = 0;
		};
/* End PBXResourcesBuildPhase section */

/* Begin PBXSourcesBuildPhase section */
		FF245B7D1FE0581900E202F1 /* Sources */ = {
			isa = PBXSourcesBuildPhase;
			buildActionMask = 2147483647;
			files = (
				FF2BD4F41FE1EC5F00E31AA3 /* UIButton+Confetti.swift in Sources */,
				FF2BD5011FE1F7A200E31AA3 /* ConfettiContainer.swift in Sources */,
				FF245BA01FE0588E00E202F1 /* Confetti.swift in Sources */,
				FF2BD5031FE1F93C00E31AA3 /* ButtonDesign.swift in Sources */,
				FF2BD4F61FE1ED1C00E31AA3 /* UILabel+Confetti.swift in Sources */,
				FF2BD5071FE1F94A00E31AA3 /* ViewDesign.swift in Sources */,
				FF2BD4F81FE1ED5900E31AA3 /* UIView+Confetti.swift in Sources */,
				FF2BD5051FE1F94300E31AA3 /* LabelDesign.swift in Sources */,
				FF245BE71FE065F000E202F1 /* ConfettiDesign.swift in Sources */,
			);
			runOnlyForDeploymentPostprocessing = 0;
		};
		FF245B871FE0581900E202F1 /* Sources */ = {
			isa = PBXSourcesBuildPhase;
			buildActionMask = 2147483647;
			files = (
				FF245B911FE0581900E202F1 /* ConfettiTests.swift in Sources */,
			);
			runOnlyForDeploymentPostprocessing = 0;
		};
		FF245BB21FE061E100E202F1 /* Sources */ = {
			isa = PBXSourcesBuildPhase;
			buildActionMask = 2147483647;
			files = (
				FF245BBB1FE061E100E202F1 /* ViewController.swift in Sources */,
				FF245BB91FE061E100E202F1 /* AppDelegate.swift in Sources */,
			);
			runOnlyForDeploymentPostprocessing = 0;
		};
		FF245BC51FE061E100E202F1 /* Sources */ = {
			isa = PBXSourcesBuildPhase;
			buildActionMask = 2147483647;
			files = (
				FF245BCE1FE061E100E202F1 /* ConfettiExampleTests.swift in Sources */,
			);
			runOnlyForDeploymentPostprocessing = 0;
		};
		FF245BD01FE061E100E202F1 /* Sources */ = {
			isa = PBXSourcesBuildPhase;
			buildActionMask = 2147483647;
			files = (
				FF245BD91FE061E100E202F1 /* ConfettiExampleUITests.swift in Sources */,
			);
			runOnlyForDeploymentPostprocessing = 0;
		};
/* End PBXSourcesBuildPhase section */

/* Begin PBXTargetDependency section */
		FF245B8E1FE0581900E202F1 /* PBXTargetDependency */ = {
			isa = PBXTargetDependency;
			target = FF245B811FE0581900E202F1 /* Confetti */;
			targetProxy = FF245B8D1FE0581900E202F1 /* PBXContainerItemProxy */;
		};
		FF245BCB1FE061E100E202F1 /* PBXTargetDependency */ = {
			isa = PBXTargetDependency;
			target = FF245BB51FE061E100E202F1 /* ConfettiExample */;
			targetProxy = FF245BCA1FE061E100E202F1 /* PBXContainerItemProxy */;
		};
		FF245BD61FE061E100E202F1 /* PBXTargetDependency */ = {
			isa = PBXTargetDependency;
			target = FF245BB51FE061E100E202F1 /* ConfettiExample */;
			targetProxy = FF245BD51FE061E100E202F1 /* PBXContainerItemProxy */;
		};
/* End PBXTargetDependency section */

/* Begin PBXVariantGroup section */
		FF245BBC1FE061E100E202F1 /* Main.storyboard */ = {
			isa = PBXVariantGroup;
			children = (
				FF245BBD1FE061E100E202F1 /* Base */,
			);
			name = Main.storyboard;
			sourceTree = "<group>";
		};
		FF245BC11FE061E100E202F1 /* LaunchScreen.storyboard */ = {
			isa = PBXVariantGroup;
			children = (
				FF245BC21FE061E100E202F1 /* Base */,
			);
			name = LaunchScreen.storyboard;
			sourceTree = "<group>";
		};
/* End PBXVariantGroup section */

/* Begin XCBuildConfiguration section */
		FF245B941FE0581900E202F1 /* Debug */ = {
			isa = XCBuildConfiguration;
			buildSettings = {
				ALWAYS_SEARCH_USER_PATHS = NO;
				CLANG_ANALYZER_NONNULL = YES;
				CLANG_ANALYZER_NUMBER_OBJECT_CONVERSION = YES_AGGRESSIVE;
				CLANG_CXX_LANGUAGE_STANDARD = "gnu++14";
				CLANG_CXX_LIBRARY = "libc++";
				CLANG_ENABLE_MODULES = YES;
				CLANG_ENABLE_OBJC_ARC = YES;
				CLANG_WARN_BLOCK_CAPTURE_AUTORELEASING = YES;
				CLANG_WARN_BOOL_CONVERSION = YES;
				CLANG_WARN_COMMA = YES;
				CLANG_WARN_CONSTANT_CONVERSION = YES;
				CLANG_WARN_DIRECT_OBJC_ISA_USAGE = YES_ERROR;
				CLANG_WARN_DOCUMENTATION_COMMENTS = YES;
				CLANG_WARN_EMPTY_BODY = YES;
				CLANG_WARN_ENUM_CONVERSION = YES;
				CLANG_WARN_INFINITE_RECURSION = YES;
				CLANG_WARN_INT_CONVERSION = YES;
				CLANG_WARN_NON_LITERAL_NULL_CONVERSION = YES;
				CLANG_WARN_OBJC_LITERAL_CONVERSION = YES;
				CLANG_WARN_OBJC_ROOT_CLASS = YES_ERROR;
				CLANG_WARN_RANGE_LOOP_ANALYSIS = YES;
				CLANG_WARN_STRICT_PROTOTYPES = YES;
				CLANG_WARN_SUSPICIOUS_MOVE = YES;
				CLANG_WARN_UNGUARDED_AVAILABILITY = YES_AGGRESSIVE;
				CLANG_WARN_UNREACHABLE_CODE = YES;
				CLANG_WARN__DUPLICATE_METHOD_MATCH = YES;
				CODE_SIGN_IDENTITY = "iPhone Developer";
				COPY_PHASE_STRIP = NO;
				CURRENT_PROJECT_VERSION = 1;
				DEBUG_INFORMATION_FORMAT = dwarf;
				ENABLE_STRICT_OBJC_MSGSEND = YES;
				ENABLE_TESTABILITY = YES;
				GCC_C_LANGUAGE_STANDARD = gnu11;
				GCC_DYNAMIC_NO_PIC = NO;
				GCC_NO_COMMON_BLOCKS = YES;
				GCC_OPTIMIZATION_LEVEL = 0;
				GCC_PREPROCESSOR_DEFINITIONS = (
					"DEBUG=1",
					"$(inherited)",
				);
				GCC_WARN_64_TO_32_BIT_CONVERSION = YES;
				GCC_WARN_ABOUT_RETURN_TYPE = YES_ERROR;
				GCC_WARN_UNDECLARED_SELECTOR = YES;
				GCC_WARN_UNINITIALIZED_AUTOS = YES_AGGRESSIVE;
				GCC_WARN_UNUSED_FUNCTION = YES;
				GCC_WARN_UNUSED_VARIABLE = YES;
				IPHONEOS_DEPLOYMENT_TARGET = 11.1;
				MTL_ENABLE_DEBUG_INFO = YES;
				ONLY_ACTIVE_ARCH = YES;
				SDKROOT = iphoneos;
				SWIFT_ACTIVE_COMPILATION_CONDITIONS = DEBUG;
				SWIFT_OPTIMIZATION_LEVEL = "-Onone";
				VERSIONING_SYSTEM = "apple-generic";
				VERSION_INFO_PREFIX = "";
			};
			name = Debug;
		};
		FF245B951FE0581900E202F1 /* Release */ = {
			isa = XCBuildConfiguration;
			buildSettings = {
				ALWAYS_SEARCH_USER_PATHS = NO;
				CLANG_ANALYZER_NONNULL = YES;
				CLANG_ANALYZER_NUMBER_OBJECT_CONVERSION = YES_AGGRESSIVE;
				CLANG_CXX_LANGUAGE_STANDARD = "gnu++14";
				CLANG_CXX_LIBRARY = "libc++";
				CLANG_ENABLE_MODULES = YES;
				CLANG_ENABLE_OBJC_ARC = YES;
				CLANG_WARN_BLOCK_CAPTURE_AUTORELEASING = YES;
				CLANG_WARN_BOOL_CONVERSION = YES;
				CLANG_WARN_COMMA = YES;
				CLANG_WARN_CONSTANT_CONVERSION = YES;
				CLANG_WARN_DIRECT_OBJC_ISA_USAGE = YES_ERROR;
				CLANG_WARN_DOCUMENTATION_COMMENTS = YES;
				CLANG_WARN_EMPTY_BODY = YES;
				CLANG_WARN_ENUM_CONVERSION = YES;
				CLANG_WARN_INFINITE_RECURSION = YES;
				CLANG_WARN_INT_CONVERSION = YES;
				CLANG_WARN_NON_LITERAL_NULL_CONVERSION = YES;
				CLANG_WARN_OBJC_LITERAL_CONVERSION = YES;
				CLANG_WARN_OBJC_ROOT_CLASS = YES_ERROR;
				CLANG_WARN_RANGE_LOOP_ANALYSIS = YES;
				CLANG_WARN_STRICT_PROTOTYPES = YES;
				CLANG_WARN_SUSPICIOUS_MOVE = YES;
				CLANG_WARN_UNGUARDED_AVAILABILITY = YES_AGGRESSIVE;
				CLANG_WARN_UNREACHABLE_CODE = YES;
				CLANG_WARN__DUPLICATE_METHOD_MATCH = YES;
				CODE_SIGN_IDENTITY = "iPhone Developer";
				COPY_PHASE_STRIP = NO;
				CURRENT_PROJECT_VERSION = 1;
				DEBUG_INFORMATION_FORMAT = "dwarf-with-dsym";
				ENABLE_NS_ASSERTIONS = NO;
				ENABLE_STRICT_OBJC_MSGSEND = YES;
				GCC_C_LANGUAGE_STANDARD = gnu11;
				GCC_NO_COMMON_BLOCKS = YES;
				GCC_WARN_64_TO_32_BIT_CONVERSION = YES;
				GCC_WARN_ABOUT_RETURN_TYPE = YES_ERROR;
				GCC_WARN_UNDECLARED_SELECTOR = YES;
				GCC_WARN_UNINITIALIZED_AUTOS = YES_AGGRESSIVE;
				GCC_WARN_UNUSED_FUNCTION = YES;
				GCC_WARN_UNUSED_VARIABLE = YES;
				IPHONEOS_DEPLOYMENT_TARGET = 11.1;
				MTL_ENABLE_DEBUG_INFO = NO;
				SDKROOT = iphoneos;
				SWIFT_OPTIMIZATION_LEVEL = "-Owholemodule";
				VALIDATE_PRODUCT = YES;
				VERSIONING_SYSTEM = "apple-generic";
				VERSION_INFO_PREFIX = "";
			};
			name = Release;
		};
		FF245B971FE0581900E202F1 /* Debug */ = {
			isa = XCBuildConfiguration;
			buildSettings = {
				CLANG_ENABLE_MODULES = YES;
				CODE_SIGN_IDENTITY = "";
				CODE_SIGN_STYLE = Automatic;
				DEFINES_MODULE = YES;
				DEVELOPMENT_TEAM = DC7JXK236W;
				DYLIB_COMPATIBILITY_VERSION = 1;
				DYLIB_CURRENT_VERSION = 1;
				DYLIB_INSTALL_NAME_BASE = "@rpath";
				INFOPLIST_FILE = Confetti/Info.plist;
				INSTALL_PATH = "$(LOCAL_LIBRARY_DIR)/Frameworks";
				LD_RUNPATH_SEARCH_PATHS = "$(inherited) @executable_path/Frameworks @loader_path/Frameworks";
				PRODUCT_BUNDLE_IDENTIFIER = com.alexey.Confetti;
				PRODUCT_NAME = "$(TARGET_NAME:c99extidentifier)";
				SKIP_INSTALL = YES;
				SWIFT_OPTIMIZATION_LEVEL = "-Onone";
				SWIFT_VERSION = 4.0;
				TARGETED_DEVICE_FAMILY = "1,2";
			};
			name = Debug;
		};
		FF245B981FE0581900E202F1 /* Release */ = {
			isa = XCBuildConfiguration;
			buildSettings = {
				CLANG_ENABLE_MODULES = YES;
				CODE_SIGN_IDENTITY = "";
				CODE_SIGN_STYLE = Automatic;
				DEFINES_MODULE = YES;
				DEVELOPMENT_TEAM = DC7JXK236W;
				DYLIB_COMPATIBILITY_VERSION = 1;
				DYLIB_CURRENT_VERSION = 1;
				DYLIB_INSTALL_NAME_BASE = "@rpath";
				INFOPLIST_FILE = Confetti/Info.plist;
				INSTALL_PATH = "$(LOCAL_LIBRARY_DIR)/Frameworks";
				LD_RUNPATH_SEARCH_PATHS = "$(inherited) @executable_path/Frameworks @loader_path/Frameworks";
				PRODUCT_BUNDLE_IDENTIFIER = com.alexey.Confetti;
				PRODUCT_NAME = "$(TARGET_NAME:c99extidentifier)";
				SKIP_INSTALL = YES;
				SWIFT_VERSION = 4.0;
				TARGETED_DEVICE_FAMILY = "1,2";
			};
			name = Release;
		};
		FF245B9A1FE0581900E202F1 /* Debug */ = {
			isa = XCBuildConfiguration;
			buildSettings = {
				ALWAYS_EMBED_SWIFT_STANDARD_LIBRARIES = YES;
				CODE_SIGN_STYLE = Automatic;
				DEVELOPMENT_TEAM = DC7JXK236W;
				INFOPLIST_FILE = ConfettiTests/Info.plist;
				LD_RUNPATH_SEARCH_PATHS = "$(inherited) @executable_path/Frameworks @loader_path/Frameworks";
				PRODUCT_BUNDLE_IDENTIFIER = com.alexey.ConfettiTests;
				PRODUCT_NAME = "$(TARGET_NAME)";
				SWIFT_VERSION = 4.0;
				TARGETED_DEVICE_FAMILY = "1,2";
			};
			name = Debug;
		};
		FF245B9B1FE0581900E202F1 /* Release */ = {
			isa = XCBuildConfiguration;
			buildSettings = {
				ALWAYS_EMBED_SWIFT_STANDARD_LIBRARIES = YES;
				CODE_SIGN_STYLE = Automatic;
				DEVELOPMENT_TEAM = DC7JXK236W;
				INFOPLIST_FILE = ConfettiTests/Info.plist;
				LD_RUNPATH_SEARCH_PATHS = "$(inherited) @executable_path/Frameworks @loader_path/Frameworks";
				PRODUCT_BUNDLE_IDENTIFIER = com.alexey.ConfettiTests;
				PRODUCT_NAME = "$(TARGET_NAME)";
				SWIFT_VERSION = 4.0;
				TARGETED_DEVICE_FAMILY = "1,2";
			};
			name = Release;
		};
		FF245BDC1FE061E100E202F1 /* Debug */ = {
			isa = XCBuildConfiguration;
			buildSettings = {
				ASSETCATALOG_COMPILER_APPICON_NAME = AppIcon;
				CODE_SIGN_STYLE = Automatic;
				DEVELOPMENT_TEAM = DC7JXK236W;
				INFOPLIST_FILE = ConfettiExample/Info.plist;
				LD_RUNPATH_SEARCH_PATHS = "$(inherited) @executable_path/Frameworks";
				PRODUCT_BUNDLE_IDENTIFIER = com.alexey.ConfettiExample;
				PRODUCT_NAME = "$(TARGET_NAME)";
				SWIFT_VERSION = 4.0;
				TARGETED_DEVICE_FAMILY = "1,2";
			};
			name = Debug;
		};
		FF245BDD1FE061E100E202F1 /* Release */ = {
			isa = XCBuildConfiguration;
			buildSettings = {
				ASSETCATALOG_COMPILER_APPICON_NAME = AppIcon;
				CODE_SIGN_STYLE = Automatic;
				DEVELOPMENT_TEAM = DC7JXK236W;
				INFOPLIST_FILE = ConfettiExample/Info.plist;
				LD_RUNPATH_SEARCH_PATHS = "$(inherited) @executable_path/Frameworks";
				PRODUCT_BUNDLE_IDENTIFIER = com.alexey.ConfettiExample;
				PRODUCT_NAME = "$(TARGET_NAME)";
				SWIFT_VERSION = 4.0;
				TARGETED_DEVICE_FAMILY = "1,2";
			};
			name = Release;
		};
		FF245BDF1FE061E100E202F1 /* Debug */ = {
			isa = XCBuildConfiguration;
			buildSettings = {
				ALWAYS_EMBED_SWIFT_STANDARD_LIBRARIES = YES;
				BUNDLE_LOADER = "$(TEST_HOST)";
				CODE_SIGN_STYLE = Automatic;
				DEVELOPMENT_TEAM = DC7JXK236W;
				INFOPLIST_FILE = ConfettiExampleTests/Info.plist;
				LD_RUNPATH_SEARCH_PATHS = "$(inherited) @executable_path/Frameworks @loader_path/Frameworks";
				PRODUCT_BUNDLE_IDENTIFIER = com.alexey.ConfettiExampleTests;
				PRODUCT_NAME = "$(TARGET_NAME)";
				SWIFT_VERSION = 4.0;
				TARGETED_DEVICE_FAMILY = "1,2";
				TEST_HOST = "$(BUILT_PRODUCTS_DIR)/ConfettiExample.app/ConfettiExample";
			};
			name = Debug;
		};
		FF245BE01FE061E100E202F1 /* Release */ = {
			isa = XCBuildConfiguration;
			buildSettings = {
				ALWAYS_EMBED_SWIFT_STANDARD_LIBRARIES = YES;
				BUNDLE_LOADER = "$(TEST_HOST)";
				CODE_SIGN_STYLE = Automatic;
				DEVELOPMENT_TEAM = DC7JXK236W;
				INFOPLIST_FILE = ConfettiExampleTests/Info.plist;
				LD_RUNPATH_SEARCH_PATHS = "$(inherited) @executable_path/Frameworks @loader_path/Frameworks";
				PRODUCT_BUNDLE_IDENTIFIER = com.alexey.ConfettiExampleTests;
				PRODUCT_NAME = "$(TARGET_NAME)";
				SWIFT_VERSION = 4.0;
				TARGETED_DEVICE_FAMILY = "1,2";
				TEST_HOST = "$(BUILT_PRODUCTS_DIR)/ConfettiExample.app/ConfettiExample";
			};
			name = Release;
		};
		FF245BE21FE061E100E202F1 /* Debug */ = {
			isa = XCBuildConfiguration;
			buildSettings = {
				ALWAYS_EMBED_SWIFT_STANDARD_LIBRARIES = YES;
				CODE_SIGN_STYLE = Automatic;
				DEVELOPMENT_TEAM = DC7JXK236W;
				INFOPLIST_FILE = ConfettiExampleUITests/Info.plist;
				LD_RUNPATH_SEARCH_PATHS = "$(inherited) @executable_path/Frameworks @loader_path/Frameworks";
				PRODUCT_BUNDLE_IDENTIFIER = com.alexey.ConfettiExampleUITests;
				PRODUCT_NAME = "$(TARGET_NAME)";
				SWIFT_VERSION = 4.0;
				TARGETED_DEVICE_FAMILY = "1,2";
				TEST_TARGET_NAME = ConfettiExample;
			};
			name = Debug;
		};
		FF245BE31FE061E100E202F1 /* Release */ = {
			isa = XCBuildConfiguration;
			buildSettings = {
				ALWAYS_EMBED_SWIFT_STANDARD_LIBRARIES = YES;
				CODE_SIGN_STYLE = Automatic;
				DEVELOPMENT_TEAM = DC7JXK236W;
				INFOPLIST_FILE = ConfettiExampleUITests/Info.plist;
				LD_RUNPATH_SEARCH_PATHS = "$(inherited) @executable_path/Frameworks @loader_path/Frameworks";
				PRODUCT_BUNDLE_IDENTIFIER = com.alexey.ConfettiExampleUITests;
				PRODUCT_NAME = "$(TARGET_NAME)";
				SWIFT_VERSION = 4.0;
				TARGETED_DEVICE_FAMILY = "1,2";
				TEST_TARGET_NAME = ConfettiExample;
			};
			name = Release;
		};
/* End XCBuildConfiguration section */

/* Begin XCConfigurationList section */
		FF245B7C1FE0581900E202F1 /* Build configuration list for PBXProject "Confetti" */ = {
			isa = XCConfigurationList;
			buildConfigurations = (
				FF245B941FE0581900E202F1 /* Debug */,
				FF245B951FE0581900E202F1 /* Release */,
			);
			defaultConfigurationIsVisible = 0;
			defaultConfigurationName = Release;
		};
		FF245B961FE0581900E202F1 /* Build configuration list for PBXNativeTarget "Confetti" */ = {
			isa = XCConfigurationList;
			buildConfigurations = (
				FF245B971FE0581900E202F1 /* Debug */,
				FF245B981FE0581900E202F1 /* Release */,
			);
			defaultConfigurationIsVisible = 0;
			defaultConfigurationName = Release;
		};
		FF245B991FE0581900E202F1 /* Build configuration list for PBXNativeTarget "ConfettiTests" */ = {
			isa = XCConfigurationList;
			buildConfigurations = (
				FF245B9A1FE0581900E202F1 /* Debug */,
				FF245B9B1FE0581900E202F1 /* Release */,
			);
			defaultConfigurationIsVisible = 0;
			defaultConfigurationName = Release;
		};
		FF245BDB1FE061E100E202F1 /* Build configuration list for PBXNativeTarget "ConfettiExample" */ = {
			isa = XCConfigurationList;
			buildConfigurations = (
				FF245BDC1FE061E100E202F1 /* Debug */,
				FF245BDD1FE061E100E202F1 /* Release */,
			);
			defaultConfigurationIsVisible = 0;
			defaultConfigurationName = Release;
		};
		FF245BDE1FE061E100E202F1 /* Build configuration list for PBXNativeTarget "ConfettiExampleTests" */ = {
			isa = XCConfigurationList;
			buildConfigurations = (
				FF245BDF1FE061E100E202F1 /* Debug */,
				FF245BE01FE061E100E202F1 /* Release */,
			);
			defaultConfigurationIsVisible = 0;
			defaultConfigurationName = Release;
		};
		FF245BE11FE061E100E202F1 /* Build configuration list for PBXNativeTarget "ConfettiExampleUITests" */ = {
			isa = XCConfigurationList;
			buildConfigurations = (
				FF245BE21FE061E100E202F1 /* Debug */,
				FF245BE31FE061E100E202F1 /* Release */,
			);
			defaultConfigurationIsVisible = 0;
			defaultConfigurationName = Release;
		};
/* End XCConfigurationList section */
	};
	rootObject = FF245B791FE0581900E202F1 /* Project object */;
}
